
Microsoft Visual Studio Solution File, Format Version 12.00
# Visual Studio Version 16
VisualStudioVersion = 16.0.31205.134
MinimumVisualStudioVersion = 10.0.40219.1
Project("{9A19103F-16F7-4668-BE54-9A1E7A4F7556}") = "Cedesistemas.WheresMyStuff.WebApi", "Cedesistemas.WheresMyStuff.WebApi\Cedesistemas.WheresMyStuff.WebApi.csproj", "{4AC79413-7AE8-4E6A-9F73-64B84A8D6C3A}"
EndProject
Project("{9A19103F-16F7-4668-BE54-9A1E7A4F7556}") = "Cedesistemas.WheresMyStuff.Models", "Cedesistemas.WheresMyStuff.Models\Cedesistemas.WheresMyStuff.Models.csproj", "{7540E4D6-19B8-4BC2-86F4-7037E8B9106F}"
EndProject
Project("{9A19103F-16F7-4668-BE54-9A1E7A4F7556}") = "Cedesistemas.WheresMyStuff.Repos", "Cedesistemas.WheresMyStuff.Repos\Cedesistemas.WheresMyStuff.Repos.csproj", "{43D71220-91AD-4557-942B-C41F772F08E2}"
EndProject
Project("{9A19103F-16F7-4668-BE54-9A1E7A4F7556}") = "Cedesistemas.WheresMyStuff.DataAccess", "Cedesistemas.WheresMyStuff.DataAccess\Cedesistemas.WheresMyStuff.DataAccess.csproj", "{27A173D3-7C92-40C4-A145-008276DBA0A9}"
EndProject
Project("{FAE04EC0-301F-11D3-BF4B-00C04F79EFBC}") = "Test", "Test\Test.csproj", "{54DF5D08-026F-487F-87DD-C1F2610C6B34}"
EndProject
Global
	GlobalSection(SolutionConfigurationPlatforms) = preSolution
		Debug|Any CPU = Debug|Any CPU
		Release|Any CPU = Release|Any CPU
	EndGlobalSection
	GlobalSection(ProjectConfigurationPlatforms) = postSolution
		{4AC79413-7AE8-4E6A-9F73-64B84A8D6C3A}.Debug|Any CPU.ActiveCfg = Debug|Any CPU
		{4AC79413-7AE8-4E6A-9F73-64B84A8D6C3A}.Debug|Any CPU.Build.0 = Debug|Any CPU
		{4AC79413-7AE8-4E6A-9F73-64B84A8D6C3A}.Release|Any CPU.ActiveCfg = Release|Any CPU
		{4AC79413-7AE8-4E6A-9F73-64B84A8D6C3A}.Release|Any CPU.Build.0 = Release|Any CPU
		{7540E4D6-19B8-4BC2-86F4-7037E8B9106F}.Debug|Any CPU.ActiveCfg = Debug|Any CPU
		{7540E4D6-19B8-4BC2-86F4-7037E8B9106F}.Debug|Any CPU.Build.0 = Debug|Any CPU
		{7540E4D6-19B8-4BC2-86F4-7037E8B9106F}.Release|Any CPU.ActiveCfg = Release|Any CPU
		{7540E4D6-19B8-4BC2-86F4-7037E8B9106F}.Release|Any CPU.Build.0 = Release|Any CPU
		{43D71220-91AD-4557-942B-C41F772F08E2}.Debug|Any CPU.ActiveCfg = Debug|Any CPU
		{43D71220-91AD-4557-942B-C41F772F08E2}.Debug|Any CPU.Build.0 = Debug|Any CPU
		{43D71220-91AD-4557-942B-C41F772F08E2}.Release|Any CPU.ActiveCfg = Release|Any CPU
		{43D71220-91AD-4557-942B-C41F772F08E2}.Release|Any CPU.Build.0 = Release|Any CPU
		{27A173D3-7C92-40C4-A145-008276DBA0A9}.Debug|Any CPU.ActiveCfg = Debug|Any CPU
		{27A173D3-7C92-40C4-A145-008276DBA0A9}.Debug|Any CPU.Build.0 = Debug|Any CPU
		{27A173D3-7C92-40C4-A145-008276DBA0A9}.Release|Any CPU.ActiveCfg = Release|Any CPU
		{27A173D3-7C92-40C4-A145-008276DBA0A9}.Release|Any CPU.Build.0 = Release|Any CPU
		{54DF5D08-026F-487F-87DD-C1F2610C6B34}.Debug|Any CPU.ActiveCfg = Debug|Any CPU
		{54DF5D08-026F-487F-87DD-C1F2610C6B34}.Debug|Any CPU.Build.0 = Debug|Any CPU
		{54DF5D08-026F-487F-87DD-C1F2610C6B34}.Release|Any CPU.ActiveCfg = Release|Any CPU
		{54DF5D08-026F-487F-87DD-C1F2610C6B34}.Release|Any CPU.Build.0 = Release|Any CPU
	EndGlobalSection
	GlobalSection(SolutionProperties) = preSolution
		HideSolutionNode = FALSE
	EndGlobalSection
	GlobalSection(ExtensibilityGlobals) = postSolution
		SolutionGuid = {1ED88F34-62F4-4665-B536-461C3DE4C0AF}
	EndGlobalSection
EndGlobal
